
Microsoft Visual Studio Solution File, Format Version 10.00
# Visual Studio 2008
Project("{FAE04EC0-301F-11D3-BF4B-00C04F79EFBC}") = "FBD", "FBD\FBD.csproj", "{A7D20EC1-746B-4D39-8D72-3E60C7D3CD9B}"
EndProject
Project("{FAE04EC0-301F-11D3-BF4B-00C04F79EFBC}") = "FBD.Tests", "FBD.Tests\FBD.Tests.csproj", "{5CA848EF-03C6-4C1A-8DF0-F9B161F1157F}"
EndProject
Global
	GlobalSection(SolutionConfigurationPlatforms) = preSolution
		Debug|Any CPU = Debug|Any CPU
		Release|Any CPU = Release|Any CPU
	EndGlobalSection
	GlobalSection(ProjectConfigurationPlatforms) = postSolution
		{A7D20EC1-746B-4D39-8D72-3E60C7D3CD9B}.Debug|Any CPU.ActiveCfg = Debug|Any CPU
		{A7D20EC1-746B-4D39-8D72-3E60C7D3CD9B}.Debug|Any CPU.Build.0 = Debug|Any CPU
		{A7D20EC1-746B-4D39-8D72-3E60C7D3CD9B}.Release|Any CPU.ActiveCfg = Release|Any CPU
		{A7D20EC1-746B-4D39-8D72-3E60C7D3CD9B}.Release|Any CPU.Build.0 = Release|Any CPU
		{5CA848EF-03C6-4C1A-8DF0-F9B161F1157F}.Debug|Any CPU.ActiveCfg = Debug|Any CPU
		{5CA848EF-03C6-4C1A-8DF0-F9B161F1157F}.Debug|Any CPU.Build.0 = Debug|Any CPU
		{5CA848EF-03C6-4C1A-8DF0-F9B161F1157F}.Release|Any CPU.ActiveCfg = Release|Any CPU
		{5CA848EF-03C6-4C1A-8DF0-F9B161F1157F}.Release|Any CPU.Build.0 = Release|Any CPU
	EndGlobalSection
	GlobalSection(SolutionProperties) = preSolution
		HideSolutionNode = FALSE
	EndGlobalSection
EndGlobal
